
Microsoft Visual Studio Solution File, Format Version 12.00
# Visual Studio 15
VisualStudioVersion = 15.0.28307.572
MinimumVisualStudioVersion = 10.0.40219.1
Project("{FAE04EC0-301F-11D3-BF4B-00C04F79EFBC}") = "mycaddy-downloader", "mycaddy-downloader.csproj", "{8C386E3E-FB3E-4B95-AD3B-205177E36BCA}"
EndProject
Project("{54435603-DBB4-11D2-8724-00A0C9A8B90C}") = "MycaddyDownloader", "MycaddyDownloader\MycaddyDownloader.vdproj", "{6C9D82C4-9373-4354-9A23-B9462AA1785B}"
EndProject
Global
	GlobalSection(SolutionConfigurationPlatforms) = preSolution
		Debug|Any CPU = Debug|Any CPU
		Release|Any CPU = Release|Any CPU
	EndGlobalSection
	GlobalSection(ProjectConfigurationPlatforms) = postSolution
		{8C386E3E-FB3E-4B95-AD3B-205177E36BCA}.Debug|Any CPU.ActiveCfg = Debug|Any CPU
		{8C386E3E-FB3E-4B95-AD3B-205177E36BCA}.Debug|Any CPU.Build.0 = Debug|Any CPU
		{8C386E3E-FB3E-4B95-AD3B-205177E36BCA}.Release|Any CPU.ActiveCfg = Release|Any CPU
		{8C386E3E-FB3E-4B95-AD3B-205177E36BCA}.Release|Any CPU.Build.0 = Release|Any CPU
		{6C9D82C4-9373-4354-9A23-B9462AA1785B}.Debug|Any CPU.ActiveCfg = Debug
		{6C9D82C4-9373-4354-9A23-B9462AA1785B}.Release|Any CPU.ActiveCfg = Release
	EndGlobalSection
	GlobalSection(SolutionProperties) = preSolution
		HideSolutionNode = FALSE
	EndGlobalSection
	GlobalSection(ExtensibilityGlobals) = postSolution
		SolutionGuid = {FCE79716-54E4-49C1-B53E-0434ED47AF80}
	EndGlobalSection
EndGlobal
